schema: '2.0'
stages:
  load_data:
    cmd: python load_data.py --config=params.yaml
    deps:
    - path: ..\data_given\winequality.csv
      md5: ccc8d3507eb151f53f760d36abdef888
      size: 91998
    - path: get_data.py
      md5: 2a4f69519ee0b68d375bbcf89985e239
      size: 856
    - path: load_data.py
      md5: a7c28cf448cc1e2d59d6f446f48cb3cb
      size: 703
    outs:
    - path: ..\data\raw\winequality.csv
      md5: dcb9f7736a81b73cf4cf803b5ef3f07e
      size: 102550
